// !$*UTF8*$!
{
	archiveVersion = 1;
	classes = {
	};
	objectVersion = 48;
	objects = {

/* Begin PBXBuildFile section */
		DC3FF91F1F979E7E00C48B0D /* MediaPageController.swift in Sources */ = {isa = PBXBuildFile; fileRef = DC3FF91E1F979E7E00C48B0D /* MediaPageController.swift */; };
		DC63B84E1F8D0A7C003491EB /* AppDelegate.swift in Sources */ = {isa = PBXBuildFile; fileRef = DC63B84D1F8D0A7C003491EB /* AppDelegate.swift */; };
		DC63B8501F8D0A7C003491EB /* ViewController.swift in Sources */ = {isa = PBXBuildFile; fileRef = DC63B84F1F8D0A7C003491EB /* ViewController.swift */; };
		DC63B8531F8D0A7C003491EB /* Main.storyboard in Resources */ = {isa = PBXBuildFile; fileRef = DC63B8511F8D0A7C003491EB /* Main.storyboard */; };
		DC63B8551F8D0A7C003491EB /* Assets.xcassets in Resources */ = {isa = PBXBuildFile; fileRef = DC63B8541F8D0A7C003491EB /* Assets.xcassets */; };
		DC63B8581F8D0A7C003491EB /* LaunchScreen.storyboard in Resources */ = {isa = PBXBuildFile; fileRef = DC63B8561F8D0A7C003491EB /* LaunchScreen.storyboard */; };
		DCCF44051F94FF5800EE9DD2 /* SecondPageViewController.swift in Sources */ = {isa = PBXBuildFile; fileRef = DCCF44041F94FF5800EE9DD2 /* SecondPageViewController.swift */; };
		DCCF44071F9503EB00EE9DD2 /* ThirdPageViewController.swift in Sources */ = {isa = PBXBuildFile; fileRef = DCCF44061F9503EB00EE9DD2 /* ThirdPageViewController.swift */; };
		DCE0DBD81F8FB8CD00E71377 /* SecondScreeController.swift in Sources */ = {isa = PBXBuildFile; fileRef = DCE0DBD71F8FB8CD00E71377 /* SecondScreeController.swift */; };
		DCE0DBDC1F8FBEDD00E71377 /* ColorTools.swift in Sources */ = {isa = PBXBuildFile; fileRef = DCE0DBDB1F8FBEDD00E71377 /* ColorTools.swift */; };
/* End PBXBuildFile section */

/* Begin PBXFileReference section */
		DC3FF91E1F979E7E00C48B0D /* MediaPageController.swift */ = {isa = PBXFileReference; lastKnownFileType = sourcecode.swift; path = MediaPageController.swift; sourceTree = "<group>"; };
		DC63B84A1F8D0A7C003491EB /* easyApp.app */ = {isa = PBXFileReference; explicitFileType = wrapper.application; includeInIndex = 0; path = easyApp.app; sourceTree = BUILT_PRODUCTS_DIR; };
		DC63B84D1F8D0A7C003491EB /* AppDelegate.swift */ = {isa = PBXFileReference; lastKnownFileType = sourcecode.swift; path = AppDelegate.swift; sourceTree = "<group>"; };
		DC63B84F1F8D0A7C003491EB /* ViewController.swift */ = {isa = PBXFileReference; lastKnownFileType = sourcecode.swift; path = ViewController.swift; sourceTree = "<group>"; };
		DC63B8521F8D0A7C003491EB /* Base */ = {isa = PBXFileReference; lastKnownFileType = file.storyboard; name = Base; path = Base.lproj/Main.storyboard; sourceTree = "<group>"; };
		DC63B8541F8D0A7C003491EB /* Assets.xcassets */ = {isa = PBXFileReference; lastKnownFileType = folder.assetcatalog; path = Assets.xcassets; sourceTree = "<group>"; };
		DC63B8571F8D0A7C003491EB /* Base */ = {isa = PBXFileReference; lastKnownFileType = file.storyboard; name = Base; path = Base.lproj/LaunchScreen.storyboard; sourceTree = "<group>"; };
		DC63B8591F8D0A7C003491EB /* Info.plist */ = {isa = PBXFileReference; lastKnownFileType = text.plist.xml; path = Info.plist; sourceTree = "<group>"; };
		DCCF44041F94FF5800EE9DD2 /* SecondPageViewController.swift */ = {isa = PBXFileReference; lastKnownFileType = sourcecode.swift; path = SecondPageViewController.swift; sourceTree = "<group>"; };
		DCCF44061F9503EB00EE9DD2 /* ThirdPageViewController.swift */ = {isa = PBXFileReference; lastKnownFileType = sourcecode.swift; path = ThirdPageViewController.swift; sourceTree = "<group>"; };
		DCE0DBD71F8FB8CD00E71377 /* SecondScreeController.swift */ = {isa = PBXFileReference; lastKnownFileType = sourcecode.swift; path = SecondScreeController.swift; sourceTree = "<group>"; };
		DCE0DBDB1F8FBEDD00E71377 /* ColorTools.swift */ = {isa = PBXFileReference; lastKnownFileType = sourcecode.swift; path = ColorTools.swift; sourceTree = "<group>"; };
/* End PBXFileReference section */

/* Begin PBXFrameworksBuildPhase section */
		DC63B8471F8D0A7C003491EB /* Frameworks */ = {
			isa = PBXFrameworksBuildPhase;
			buildActionMask = 2147483647;
			files = (
			);
			runOnlyForDeploymentPostprocessing = 0;
		};
/* End PBXFrameworksBuildPhase section */

/* Begin PBXGroup section */
		DC63B8411F8D0A7C003491EB = {
			isa = PBXGroup;
			children = (
				DCE0DBDA1F8FBEB300E71377 /* Model */,
				DC63B84C1F8D0A7C003491EB /* easyApp */,
				DC63B84B1F8D0A7C003491EB /* Products */,
			);
			sourceTree = "<group>";
		};
		DC63B84B1F8D0A7C003491EB /* Products */ = {
			isa = PBXGroup;
			children = (
				DC63B84A1F8D0A7C003491EB /* easyApp.app */,
			);
			name = Products;
			sourceTree = "<group>";
		};
		DC63B84C1F8D0A7C003491EB /* easyApp */ = {
			isa = PBXGroup;
			children = (
				DC63B85F1F8D1894003491EB /* Controller */,
				DC63B8601F8D18CE003491EB /* View */,
				DC63B8611F8D18EC003491EB /* Resources */,
			);
			path = easyApp;
			sourceTree = "<group>";
		};
		DC63B85F1F8D1894003491EB /* Controller */ = {
			isa = PBXGroup;
			children = (
				DCE0DBD71F8FB8CD00E71377 /* SecondScreeController.swift */,
				DC63B84D1F8D0A7C003491EB /* AppDelegate.swift */,
				DC63B84F1F8D0A7C003491EB /* ViewController.swift */,
				DCCF44041F94FF5800EE9DD2 /* SecondPageViewController.swift */,
				DCCF44061F9503EB00EE9DD2 /* ThirdPageViewController.swift */,
				DC3FF91E1F979E7E00C48B0D /* MediaPageController.swift */,
			);
			path = Controller;
			sourceTree = "<group>";
		};
		DC63B8601F8D18CE003491EB /* View */ = {
			isa = PBXGroup;
			children = (
				DC63B8511F8D0A7C003491EB /* Main.storyboard */,
				DC63B8561F8D0A7C003491EB /* LaunchScreen.storyboard */,
			);
			path = View;
			sourceTree = "<group>";
		};
		DC63B8611F8D18EC003491EB /* Resources */ = {
			isa = PBXGroup;
			children = (
				DC63B8541F8D0A7C003491EB /* Assets.xcassets */,
				DC63B8591F8D0A7C003491EB /* Info.plist */,
			);
			path = Resources;
			sourceTree = "<group>";
		};
		DCE0DBDA1F8FBEB300E71377 /* Model */ = {
			isa = PBXGroup;
			children = (
				DCE0DBDB1F8FBEDD00E71377 /* ColorTools.swift */,
			);
			path = Model;
			sourceTree = "<group>";
		};
/* End PBXGroup section */

/* Begin PBXNativeTarget section */
		DC63B8491F8D0A7C003491EB /* easyApp */ = {
			isa = PBXNativeTarget;
			buildConfigurationList = DC63B85C1F8D0A7C003491EB /* Build configuration list for PBXNativeTarget "easyApp" */;
			buildPhases = (
				DC63B8461F8D0A7C003491EB /* Sources */,
				DC63B8471F8D0A7C003491EB /* Frameworks */,
				DC63B8481F8D0A7C003491EB /* Resources */,
			);
			buildRules = (
			);
			dependencies = (
			);
			name = easyApp;
			productName = easyApp;
			productReference = DC63B84A1F8D0A7C003491EB /* easyApp.app */;
			productType = "com.apple.product-type.application";
		};
/* End PBXNativeTarget section */

/* Begin PBXProject section */
		DC63B8421F8D0A7C003491EB /* Project object */ = {
			isa = PBXProject;
			attributes = {
				LastSwiftUpdateCheck = 0900;
				LastUpgradeCheck = 0900;
				ORGANIZATIONNAME = CTEC;
				TargetAttributes = {
					DC63B8491F8D0A7C003491EB = {
						CreatedOnToolsVersion = 9.0;
						ProvisioningStyle = Automatic;
					};
				};
			};
			buildConfigurationList = DC63B8451F8D0A7C003491EB /* Build configuration list for PBXProject "easyApp" */;
			compatibilityVersion = "Xcode 8.0";
			developmentRegion = en;
			hasScannedForEncodings = 0;
			knownRegions = (
				en,
				Base,
			);
			mainGroup = DC63B8411F8D0A7C003491EB;
			productRefGroup = DC63B84B1F8D0A7C003491EB /* Products */;
			projectDirPath = "";
			projectRoot = "";
			targets = (
				DC63B8491F8D0A7C003491EB /* easyApp */,
			);
		};
/* End PBXProject section */

/* Begin PBXResourcesBuildPhase section */
		DC63B8481F8D0A7C003491EB /* Resources */ = {
			isa = PBXResourcesBuildPhase;
			buildActionMask = 2147483647;
			files = (
				DC63B8581F8D0A7C003491EB /* LaunchScreen.storyboard in Resources */,
				DC63B8551F8D0A7C003491EB /* Assets.xcassets in Resources */,
				DC63B8531F8D0A7C003491EB /* Main.storyboard in Resources */,
			);
			runOnlyForDeploymentPostprocessing = 0;
		};
/* End PBXResourcesBuildPhase section */

/* Begin PBXSourcesBuildPhase section */
		DC63B8461F8D0A7C003491EB /* Sources */ = {
			isa = PBXSourcesBuildPhase;
			buildActionMask = 2147483647;
			files = (
				DC63B8501F8D0A7C003491EB /* ViewController.swift in Sources */,
				DC3FF91F1F979E7E00C48B0D /* MediaPageController.swift in Sources */,
				DC63B84E1F8D0A7C003491EB /* AppDelegate.swift in Sources */,
				DCE0DBD81F8FB8CD00E71377 /* SecondScreeController.swift in Sources */,
				DCCF44071F9503EB00EE9DD2 /* ThirdPageViewController.swift in Sources */,
				DCE0DBDC1F8FBEDD00E71377 /* ColorTools.swift in Sources */,
				DCCF44051F94FF5800EE9DD2 /* SecondPageViewController.swift in Sources */,
			);
			runOnlyForDeploymentPostprocessing = 0;
		};
/* End PBXSourcesBuildPhase section */

/* Begin PBXVariantGroup section */
		DC63B8511F8D0A7C003491EB /* Main.storyboard */ = {
			isa = PBXVariantGroup;
			children = (
				DC63B8521F8D0A7C003491EB /* Base */,
			);
			name = Main.storyboard;
			sourceTree = "<group>";
		};
		DC63B8561F8D0A7C003491EB /* LaunchScreen.storyboard */ = {
			isa = PBXVariantGroup;
			children = (
				DC63B8571F8D0A7C003491EB /* Base */,
			);
			name = LaunchScreen.storyboard;
			sourceTree = "<group>";
		};
/* End PBXVariantGroup section */

/* Begin XCBuildConfiguration section */
		DC63B85A1F8D0A7C003491EB /* Debug */ = {
			isa = XCBuildConfiguration;
			buildSettings = {
				ALWAYS_SEARCH_USER_PATHS = NO;
				CLANG_ANALYZER_NONNULL = YES;
				CLANG_ANALYZER_NUMBER_OBJECT_CONVERSION = YES_AGGRESSIVE;
				CLANG_CXX_LANGUAGE_STANDARD = "gnu++14";
				CLANG_CXX_LIBRARY = "libc++";
				CLANG_ENABLE_MODULES = YES;
				CLANG_ENABLE_OBJC_ARC = YES;
				CLANG_WARN_BLOCK_CAPTURE_AUTORELEASING = YES;
				CLANG_WARN_BOOL_CONVERSION = YES;
				CLANG_WARN_COMMA = YES;
				CLANG_WARN_CONSTANT_CONVERSION = YES;
				CLANG_WARN_DIRECT_OBJC_ISA_USAGE = YES_ERROR;
				CLANG_WARN_DOCUMENTATION_COMMENTS = YES;
				CLANG_WARN_EMPTY_BODY = YES;
				CLANG_WARN_ENUM_CONVERSION = YES;
				CLANG_WARN_INFINITE_RECURSION = YES;
				CLANG_WARN_INT_CONVERSION = YES;
				CLANG_WARN_NON_LITERAL_NULL_CONVERSION = YES;
				CLANG_WARN_OBJC_LITERAL_CONVERSION = YES;
				CLANG_WARN_OBJC_ROOT_CLASS = YES_ERROR;
				CLANG_WARN_RANGE_LOOP_ANALYSIS = YES;
				CLANG_WARN_STRICT_PROTOTYPES = YES;
				CLANG_WARN_SUSPICIOUS_MOVE = YES;
				CLANG_WARN_UNGUARDED_AVAILABILITY = YES_AGGRESSIVE;
				CLANG_WARN_UNREACHABLE_CODE = YES;
				CLANG_WARN__DUPLICATE_METHOD_MATCH = YES;
				CODE_SIGN_IDENTITY = "iPhone Developer";
				COPY_PHASE_STRIP = NO;
				DEBUG_INFORMATION_FORMAT = dwarf;
				ENABLE_STRICT_OBJC_MSGSEND = YES;
				ENABLE_TESTABILITY = YES;
				GCC_C_LANGUAGE_STANDARD = gnu11;
				GCC_DYNAMIC_NO_PIC = NO;
				GCC_NO_COMMON_BLOCKS = YES;
				GCC_OPTIMIZATION_LEVEL = 0;
				GCC_PREPROCESSOR_DEFINITIONS = (
					"DEBUG=1",
					"$(inherited)",
				);
				GCC_WARN_64_TO_32_BIT_CONVERSION = YES;
				GCC_WARN_ABOUT_RETURN_TYPE = YES_ERROR;
				GCC_WARN_UNDECLARED_SELECTOR = YES;
				GCC_WARN_UNINITIALIZED_AUTOS = YES_AGGRESSIVE;
				GCC_WARN_UNUSED_FUNCTION = YES;
				GCC_WARN_UNUSED_VARIABLE = YES;
				IPHONEOS_DEPLOYMENT_TARGET = 11.0;
				MTL_ENABLE_DEBUG_INFO = YES;
				ONLY_ACTIVE_ARCH = YES;
				SDKROOT = iphoneos;
				SWIFT_ACTIVE_COMPILATION_CONDITIONS = DEBUG;
				SWIFT_OPTIMIZATION_LEVEL = "-Onone";
			};
			name = Debug;
		};
		DC63B85B1F8D0A7C003491EB /* Release */ = {
			isa = XCBuildConfiguration;
			buildSettings = {
				ALWAYS_SEARCH_USER_PATHS = NO;
				CLANG_ANALYZER_NONNULL = YES;
				CLANG_ANALYZER_NUMBER_OBJECT_CONVERSION = YES_AGGRESSIVE;
				CLANG_CXX_LANGUAGE_STANDARD = "gnu++14";
				CLANG_CXX_LIBRARY = "libc++";
				CLANG_ENABLE_MODULES = YES;
				CLANG_ENABLE_OBJC_ARC = YES;
				CLANG_WARN_BLOCK_CAPTURE_AUTORELEASING = YES;
				CLANG_WARN_BOOL_CONVERSION = YES;
				CLANG_WARN_COMMA = YES;
				CLANG_WARN_CONSTANT_CONVERSION = YES;
				CLANG_WARN_DIRECT_OBJC_ISA_USAGE = YES_ERROR;
				CLANG_WARN_DOCUMENTATION_COMMENTS = YES;
				CLANG_WARN_EMPTY_BODY = YES;
				CLANG_WARN_ENUM_CONVERSION = YES;
				CLANG_WARN_INFINITE_RECURSION = YES;
				CLANG_WARN_INT_CONVERSION = YES;
				CLANG_WARN_NON_LITERAL_NULL_CONVERSION = YES;
				CLANG_WARN_OBJC_LITERAL_CONVERSION = YES;
				CLANG_WARN_OBJC_ROOT_CLASS = YES_ERROR;
				CLANG_WARN_RANGE_LOOP_ANALYSIS = YES;
				CLANG_WARN_STRICT_PROTOTYPES = YES;
				CLANG_WARN_SUSPICIOUS_MOVE = YES;
				CLANG_WARN_UNGUARDED_AVAILABILITY = YES_AGGRESSIVE;
				CLANG_WARN_UNREACHABLE_CODE = YES;
				CLANG_WARN__DUPLICATE_METHOD_MATCH = YES;
				CODE_SIGN_IDENTITY = "iPhone Developer";
				COPY_PHASE_STRIP = NO;
				DEBUG_INFORMATION_FORMAT = "dwarf-with-dsym";
				ENABLE_NS_ASSERTIONS = NO;
				ENABLE_STRICT_OBJC_MSGSEND = YES;
				GCC_C_LANGUAGE_STANDARD = gnu11;
				GCC_NO_COMMON_BLOCKS = YES;
				GCC_WARN_64_TO_32_BIT_CONVERSION = YES;
				GCC_WARN_ABOUT_RETURN_TYPE = YES_ERROR;
				GCC_WARN_UNDECLARED_SELECTOR = YES;
				GCC_WARN_UNINITIALIZED_AUTOS = YES_AGGRESSIVE;
				GCC_WARN_UNUSED_FUNCTION = YES;
				GCC_WARN_UNUSED_VARIABLE = YES;
				IPHONEOS_DEPLOYMENT_TARGET = 11.0;
				MTL_ENABLE_DEBUG_INFO = NO;
				SDKROOT = iphoneos;
				SWIFT_OPTIMIZATION_LEVEL = "-Owholemodule";
				VALIDATE_PRODUCT = YES;
			};
			name = Release;
		};
		DC63B85D1F8D0A7C003491EB /* Debug */ = {
			isa = XCBuildConfiguration;
			buildSettings = {
				ASSETCATALOG_COMPILER_APPICON_NAME = AppIcon;
				CODE_SIGN_STYLE = Automatic;
				INFOPLIST_FILE = "$(SRCROOT)/easyApp/Resources/Info.plist";
				LD_RUNPATH_SEARCH_PATHS = "$(inherited) @executable_path/Frameworks";
				PRODUCT_BUNDLE_IDENTIFIER = CTEC.easyApp;
				PRODUCT_NAME = "$(TARGET_NAME)";
				SWIFT_VERSION = 4.0;
				TARGETED_DEVICE_FAMILY = "1,2";
			};
			name = Debug;
		};
		DC63B85E1F8D0A7C003491EB /* Release */ = {
			isa = XCBuildConfiguration;
			buildSettings = {
				ASSETCATALOG_COMPILER_APPICON_NAME = AppIcon;
				CODE_SIGN_STYLE = Automatic;
				INFOPLIST_FILE = "$(SRCROOT)/easyApp/Resources/Info.plist";
				LD_RUNPATH_SEARCH_PATHS = "$(inherited) @executable_path/Frameworks";
				PRODUCT_BUNDLE_IDENTIFIER = CTEC.easyApp;
				PRODUCT_NAME = "$(TARGET_NAME)";
				SWIFT_VERSION = 4.0;
				TARGETED_DEVICE_FAMILY = "1,2";
			};
			name = Release;
		};
/* End XCBuildConfiguration section */

/* Begin XCConfigurationList section */
		DC63B8451F8D0A7C003491EB /* Build configuration list for PBXProject "easyApp" */ = {
			isa = XCConfigurationList;
			buildConfigurations = (
				DC63B85A1F8D0A7C003491EB /* Debug */,
				DC63B85B1F8D0A7C003491EB /* Release */,
			);
			defaultConfigurationIsVisible = 0;
			defaultConfigurationName = Release;
		};
		DC63B85C1F8D0A7C003491EB /* Build configuration list for PBXNativeTarget "easyApp" */ = {
			isa = XCConfigurationList;
			buildConfigurations = (
				DC63B85D1F8D0A7C003491EB /* Debug */,
				DC63B85E1F8D0A7C003491EB /* Release */,
			);
			defaultConfigurationIsVisible = 0;
			defaultConfigurationName = Release;
		};
/* End XCConfigurationList section */
	};
	rootObject = DC63B8421F8D0A7C003491EB /* Project object */;
}
